
Microsoft Visual Studio Solution File, Format Version 12.00
Project("{FAE04EC0-301F-11D3-BF4B-00C04F79EFBC}") = "lab_3", "lab_3.csproj", "{113B4D1F-8E17-45BE-84AC-695FA441019A}"
EndProject
Global
	GlobalSection(SolutionConfigurationPlatforms) = preSolution
		Debug|Any CPU = Debug|Any CPU
		Release|Any CPU = Release|Any CPU
	EndGlobalSection
	GlobalSection(ProjectConfigurationPlatforms) = postSolution
		{113B4D1F-8E17-45BE-84AC-695FA441019A}.Debug|Any CPU.ActiveCfg = Debug|Any CPU
		{113B4D1F-8E17-45BE-84AC-695FA441019A}.Debug|Any CPU.Build.0 = Debug|Any CPU
		{113B4D1F-8E17-45BE-84AC-695FA441019A}.Release|Any CPU.ActiveCfg = Release|Any CPU
		{113B4D1F-8E17-45BE-84AC-695FA441019A}.Release|Any CPU.Build.0 = Release|Any CPU
	EndGlobalSection
EndGlobal
